// !$*UTF8*$!
{
	archiveVersion = 1;
	classes = {
	};
	objectVersion = 56;
	objects = {

/* Begin PBXBuildFile section */
		E10012A729FE7753000242F4 /* BlurView.swift in Sources */ = {isa = PBXBuildFile; fileRef = E10012A629FE7753000242F4 /* BlurView.swift */; };
		E10012AA2A005943000242F4 /* PostBox.swift in Sources */ = {isa = PBXBuildFile; fileRef = E10012A92A005943000242F4 /* PostBox.swift */; };
		E191328929FD890F0023C57C /* OinkApp.swift in Sources */ = {isa = PBXBuildFile; fileRef = E191328829FD890F0023C57C /* OinkApp.swift */; };
		E191328D29FD89100023C57C /* Assets.xcassets in Resources */ = {isa = PBXBuildFile; fileRef = E191328C29FD89100023C57C /* Assets.xcassets */; };
		E191329029FD89100023C57C /* Preview Assets.xcassets in Resources */ = {isa = PBXBuildFile; fileRef = E191328F29FD89100023C57C /* Preview Assets.xcassets */; };
		E1F69CC229FD9D13006E59E2 /* MainView.swift in Sources */ = {isa = PBXBuildFile; fileRef = E1F69CC129FD9D13006E59E2 /* MainView.swift */; };
		E1F69CC429FDA314006E59E2 /* ChannelListView.swift in Sources */ = {isa = PBXBuildFile; fileRef = E1F69CC329FDA314006E59E2 /* ChannelListView.swift */; };
		E1F69CC629FDA4C1006E59E2 /* Helper.swift in Sources */ = {isa = PBXBuildFile; fileRef = E1F69CC529FDA4C1006E59E2 /* Helper.swift */; };
		E1F69CC829FDA588006E59E2 /* menu.json in Resources */ = {isa = PBXBuildFile; fileRef = E1F69CC729FDA588006E59E2 /* menu.json */; };
		E1F69CCA29FDA6B4006E59E2 /* Menu.swift in Sources */ = {isa = PBXBuildFile; fileRef = E1F69CC929FDA6B4006E59E2 /* Menu.swift */; };
		E1F69CCC29FDABF4006E59E2 /* BrowseView.swift in Sources */ = {isa = PBXBuildFile; fileRef = E1F69CCB29FDABF4006E59E2 /* BrowseView.swift */; };
		E1F69CCE29FDAC14006E59E2 /* MeView.swift in Sources */ = {isa = PBXBuildFile; fileRef = E1F69CCD29FDAC14006E59E2 /* MeView.swift */; };
		E1F69CD029FDADF3006E59E2 /* ChannelItemRow.swift in Sources */ = {isa = PBXBuildFile; fileRef = E1F69CCF29FDADF3006E59E2 /* ChannelItemRow.swift */; };
/* End PBXBuildFile section */

/* Begin PBXContainerItemProxy section */
		E191329629FD89100023C57C /* PBXContainerItemProxy */ = {
			isa = PBXContainerItemProxy;
			containerPortal = E191327D29FD890F0023C57C /* Project object */;
			proxyType = 1;
			remoteGlobalIDString = E191328429FD890F0023C57C;
			remoteInfo = OinkChat;
		};
		E19132A029FD89100023C57C /* PBXContainerItemProxy */ = {
			isa = PBXContainerItemProxy;
			containerPortal = E191327D29FD890F0023C57C /* Project object */;
			proxyType = 1;
			remoteGlobalIDString = E191328429FD890F0023C57C;
			remoteInfo = OinkChat;
		};
/* End PBXContainerItemProxy section */

/* Begin PBXFileReference section */
		E10012A629FE7753000242F4 /* BlurView.swift */ = {isa = PBXFileReference; lastKnownFileType = sourcecode.swift; path = BlurView.swift; sourceTree = "<group>"; };
		E10012A92A005943000242F4 /* PostBox.swift */ = {isa = PBXFileReference; lastKnownFileType = sourcecode.swift; path = PostBox.swift; sourceTree = "<group>"; };
		E191328529FD890F0023C57C /* OinkApp.app */ = {isa = PBXFileReference; explicitFileType = wrapper.application; includeInIndex = 0; path = OinkApp.app; sourceTree = BUILT_PRODUCTS_DIR; };
		E191328829FD890F0023C57C /* OinkApp.swift */ = {isa = PBXFileReference; lastKnownFileType = sourcecode.swift; path = OinkApp.swift; sourceTree = "<group>"; };
		E191328C29FD89100023C57C /* Assets.xcassets */ = {isa = PBXFileReference; lastKnownFileType = folder.assetcatalog; path = Assets.xcassets; sourceTree = "<group>"; };
		E191328F29FD89100023C57C /* Preview Assets.xcassets */ = {isa = PBXFileReference; lastKnownFileType = folder.assetcatalog; path = "Preview Assets.xcassets"; sourceTree = "<group>"; };
		E191329529FD89100023C57C /* OinkAppTests.xctest */ = {isa = PBXFileReference; explicitFileType = wrapper.cfbundle; includeInIndex = 0; path = OinkAppTests.xctest; sourceTree = BUILT_PRODUCTS_DIR; };
		E191329F29FD89100023C57C /* OinkAppUITests.xctest */ = {isa = PBXFileReference; explicitFileType = wrapper.cfbundle; includeInIndex = 0; path = OinkAppUITests.xctest; sourceTree = BUILT_PRODUCTS_DIR; };
		E1F69CC129FD9D13006E59E2 /* MainView.swift */ = {isa = PBXFileReference; lastKnownFileType = sourcecode.swift; path = MainView.swift; sourceTree = "<group>"; };
		E1F69CC329FDA314006E59E2 /* ChannelListView.swift */ = {isa = PBXFileReference; lastKnownFileType = sourcecode.swift; path = ChannelListView.swift; sourceTree = "<group>"; };
		E1F69CC529FDA4C1006E59E2 /* Helper.swift */ = {isa = PBXFileReference; lastKnownFileType = sourcecode.swift; path = Helper.swift; sourceTree = "<group>"; };
		E1F69CC729FDA588006E59E2 /* menu.json */ = {isa = PBXFileReference; lastKnownFileType = text.json; path = menu.json; sourceTree = "<group>"; };
		E1F69CC929FDA6B4006E59E2 /* Menu.swift */ = {isa = PBXFileReference; lastKnownFileType = sourcecode.swift; path = Menu.swift; sourceTree = "<group>"; };
		E1F69CCB29FDABF4006E59E2 /* BrowseView.swift */ = {isa = PBXFileReference; lastKnownFileType = sourcecode.swift; path = BrowseView.swift; sourceTree = "<group>"; };
		E1F69CCD29FDAC14006E59E2 /* MeView.swift */ = {isa = PBXFileReference; lastKnownFileType = sourcecode.swift; path = MeView.swift; sourceTree = "<group>"; };
		E1F69CCF29FDADF3006E59E2 /* ChannelItemRow.swift */ = {isa = PBXFileReference; lastKnownFileType = sourcecode.swift; path = ChannelItemRow.swift; sourceTree = "<group>"; };
/* End PBXFileReference section */

/* Begin PBXFrameworksBuildPhase section */
		E191328229FD890F0023C57C /* Frameworks */ = {
			isa = PBXFrameworksBuildPhase;
			buildActionMask = 2147483647;
			files = (
			);
			runOnlyForDeploymentPostprocessing = 0;
		};
		E191329229FD89100023C57C /* Frameworks */ = {
			isa = PBXFrameworksBuildPhase;
			buildActionMask = 2147483647;
			files = (
			);
			runOnlyForDeploymentPostprocessing = 0;
		};
		E191329C29FD89100023C57C /* Frameworks */ = {
			isa = PBXFrameworksBuildPhase;
			buildActionMask = 2147483647;
			files = (
			);
			runOnlyForDeploymentPostprocessing = 0;
		};
/* End PBXFrameworksBuildPhase section */

/* Begin PBXGroup section */
		E10012A82A00587A000242F4 /* views */ = {
			isa = PBXGroup;
			children = (
				E1F69CCF29FDADF3006E59E2 /* ChannelItemRow.swift */,
				E10012A92A005943000242F4 /* PostBox.swift */,
			);
			path = views;
			sourceTree = "<group>";
		};
		E191327C29FD890F0023C57C = {
			isa = PBXGroup;
			children = (
				E191328729FD890F0023C57C /* OinkApp */,
				E191328629FD890F0023C57C /* Products */,
			);
			sourceTree = "<group>";
		};
		E191328629FD890F0023C57C /* Products */ = {
			isa = PBXGroup;
			children = (
				E191328529FD890F0023C57C /* OinkApp.app */,
				E191329529FD89100023C57C /* OinkAppTests.xctest */,
				E191329F29FD89100023C57C /* OinkAppUITests.xctest */,
			);
			name = Products;
			sourceTree = "<group>";
		};
		E191328729FD890F0023C57C /* OinkApp */ = {
			isa = PBXGroup;
			children = (
				E10012A82A00587A000242F4 /* views */,
				E191328829FD890F0023C57C /* OinkApp.swift */,
				E1F69CC129FD9D13006E59E2 /* MainView.swift */,
				E191328C29FD89100023C57C /* Assets.xcassets */,
				E191328E29FD89100023C57C /* Preview Content */,
				E1F69CC329FDA314006E59E2 /* ChannelListView.swift */,
				E1F69CC529FDA4C1006E59E2 /* Helper.swift */,
				E1F69CC729FDA588006E59E2 /* menu.json */,
				E1F69CC929FDA6B4006E59E2 /* Menu.swift */,
				E1F69CCB29FDABF4006E59E2 /* BrowseView.swift */,
				E1F69CCD29FDAC14006E59E2 /* MeView.swift */,
				E10012A629FE7753000242F4 /* BlurView.swift */,
			);
			path = OinkApp;
			sourceTree = "<group>";
		};
		E191328E29FD89100023C57C /* Preview Content */ = {
			isa = PBXGroup;
			children = (
				E191328F29FD89100023C57C /* Preview Assets.xcassets */,
			);
			path = "Preview Content";
			sourceTree = "<group>";
		};
/* End PBXGroup section */

/* Begin PBXNativeTarget section */
		E191328429FD890F0023C57C /* OinkApp */ = {
			isa = PBXNativeTarget;
			buildConfigurationList = E19132A929FD89100023C57C /* Build configuration list for PBXNativeTarget "OinkApp" */;
			buildPhases = (
				E191328129FD890F0023C57C /* Sources */,
				E191328229FD890F0023C57C /* Frameworks */,
				E191328329FD890F0023C57C /* Resources */,
			);
			buildRules = (
			);
			dependencies = (
			);
			name = OinkApp;
			productName = OinkChat;
			productReference = E191328529FD890F0023C57C /* OinkApp.app */;
			productType = "com.apple.product-type.application";
		};
		E191329429FD89100023C57C /* OinkAppTests */ = {
			isa = PBXNativeTarget;
			buildConfigurationList = E19132AC29FD89100023C57C /* Build configuration list for PBXNativeTarget "OinkAppTests" */;
			buildPhases = (
				E191329129FD89100023C57C /* Sources */,
				E191329229FD89100023C57C /* Frameworks */,
				E191329329FD89100023C57C /* Resources */,
			);
			buildRules = (
			);
			dependencies = (
				E191329729FD89100023C57C /* PBXTargetDependency */,
			);
			name = OinkAppTests;
			productName = OinkChatTests;
			productReference = E191329529FD89100023C57C /* OinkAppTests.xctest */;
			productType = "com.apple.product-type.bundle.unit-test";
		};
		E191329E29FD89100023C57C /* OinkAppUITests */ = {
			isa = PBXNativeTarget;
			buildConfigurationList = E19132AF29FD89100023C57C /* Build configuration list for PBXNativeTarget "OinkAppUITests" */;
			buildPhases = (
				E191329B29FD89100023C57C /* Sources */,
				E191329C29FD89100023C57C /* Frameworks */,
				E191329D29FD89100023C57C /* Resources */,
			);
			buildRules = (
			);
			dependencies = (
				E19132A129FD89100023C57C /* PBXTargetDependency */,
			);
			name = OinkAppUITests;
			productName = OinkChatUITests;
			productReference = E191329F29FD89100023C57C /* OinkAppUITests.xctest */;
			productType = "com.apple.product-type.bundle.ui-testing";
		};
/* End PBXNativeTarget section */

/* Begin PBXProject section */
		E191327D29FD890F0023C57C /* Project object */ = {
			isa = PBXProject;
			attributes = {
				BuildIndependentTargetsInParallel = 1;
				LastSwiftUpdateCheck = 1430;
				LastUpgradeCheck = 1430;
				TargetAttributes = {
					E191328429FD890F0023C57C = {
						CreatedOnToolsVersion = 14.3;
					};
					E191329429FD89100023C57C = {
						CreatedOnToolsVersion = 14.3;
						TestTargetID = E191328429FD890F0023C57C;
					};
					E191329E29FD89100023C57C = {
						CreatedOnToolsVersion = 14.3;
						TestTargetID = E191328429FD890F0023C57C;
					};
				};
			};
			buildConfigurationList = E191328029FD890F0023C57C /* Build configuration list for PBXProject "OinkApp" */;
			compatibilityVersion = "Xcode 14.0";
			developmentRegion = en;
			hasScannedForEncodings = 0;
			knownRegions = (
				en,
				Base,
			);
			mainGroup = E191327C29FD890F0023C57C;
			productRefGroup = E191328629FD890F0023C57C /* Products */;
			projectDirPath = "";
			projectRoot = "";
			targets = (
				E191328429FD890F0023C57C /* OinkApp */,
				E191329429FD89100023C57C /* OinkAppTests */,
				E191329E29FD89100023C57C /* OinkAppUITests */,
			);
		};
/* End PBXProject section */

/* Begin PBXResourcesBuildPhase section */
		E191328329FD890F0023C57C /* Resources */ = {
			isa = PBXResourcesBuildPhase;
			buildActionMask = 2147483647;
			files = (
				E1F69CC829FDA588006E59E2 /* menu.json in Resources */,
				E191329029FD89100023C57C /* Preview Assets.xcassets in Resources */,
				E191328D29FD89100023C57C /* Assets.xcassets in Resources */,
			);
			runOnlyForDeploymentPostprocessing = 0;
		};
		E191329329FD89100023C57C /* Resources */ = {
			isa = PBXResourcesBuildPhase;
			buildActionMask = 2147483647;
			files = (
			);
			runOnlyForDeploymentPostprocessing = 0;
		};
		E191329D29FD89100023C57C /* Resources */ = {
			isa = PBXResourcesBuildPhase;
			buildActionMask = 2147483647;
			files = (
			);
			runOnlyForDeploymentPostprocessing = 0;
		};
/* End PBXResourcesBuildPhase section */

/* Begin PBXSourcesBuildPhase section */
		E191328129FD890F0023C57C /* Sources */ = {
			isa = PBXSourcesBuildPhase;
			buildActionMask = 2147483647;
			files = (
				E1F69CC429FDA314006E59E2 /* ChannelListView.swift in Sources */,
				E1F69CD029FDADF3006E59E2 /* ChannelItemRow.swift in Sources */,
				E1F69CCA29FDA6B4006E59E2 /* Menu.swift in Sources */,
				E1F69CCC29FDABF4006E59E2 /* BrowseView.swift in Sources */,
				E1F69CCE29FDAC14006E59E2 /* MeView.swift in Sources */,
				E10012A729FE7753000242F4 /* BlurView.swift in Sources */,
				E1F69CC629FDA4C1006E59E2 /* Helper.swift in Sources */,
				E1F69CC229FD9D13006E59E2 /* MainView.swift in Sources */,
				E191328929FD890F0023C57C /* OinkApp.swift in Sources */,
				E10012AA2A005943000242F4 /* PostBox.swift in Sources */,
			);
			runOnlyForDeploymentPostprocessing = 0;
		};
		E191329129FD89100023C57C /* Sources */ = {
			isa = PBXSourcesBuildPhase;
			buildActionMask = 2147483647;
			files = (
			);
			runOnlyForDeploymentPostprocessing = 0;
		};
		E191329B29FD89100023C57C /* Sources */ = {
			isa = PBXSourcesBuildPhase;
			buildActionMask = 2147483647;
			files = (
			);
			runOnlyForDeploymentPostprocessing = 0;
		};
/* End PBXSourcesBuildPhase section */

/* Begin PBXTargetDependency section */
		E191329729FD89100023C57C /* PBXTargetDependency */ = {
			isa = PBXTargetDependency;
			target = E191328429FD890F0023C57C /* OinkApp */;
			targetProxy = E191329629FD89100023C57C /* PBXContainerItemProxy */;
		};
		E19132A129FD89100023C57C /* PBXTargetDependency */ = {
			isa = PBXTargetDependency;
			target = E191328429FD890F0023C57C /* OinkApp */;
			targetProxy = E19132A029FD89100023C57C /* PBXContainerItemProxy */;
		};
/* End PBXTargetDependency section */

/* Begin XCBuildConfiguration section */
		E19132A729FD89100023C57C /* Debug */ = {
			isa = XCBuildConfiguration;
			buildSettings = {
				ALWAYS_SEARCH_USER_PATHS = NO;
				CLANG_ANALYZER_NONNULL = YES;
				CLANG_ANALYZER_NUMBER_OBJECT_CONVERSION = YES_AGGRESSIVE;
				CLANG_CXX_LANGUAGE_STANDARD = "gnu++20";
				CLANG_ENABLE_MODULES = YES;
				CLANG_ENABLE_OBJC_ARC = YES;
				CLANG_ENABLE_OBJC_WEAK = YES;
				CLANG_WARN_BLOCK_CAPTURE_AUTORELEASING = YES;
				CLANG_WARN_BOOL_CONVERSION = YES;
				CLANG_WARN_COMMA = YES;
				CLANG_WARN_CONSTANT_CONVERSION = YES;
				CLANG_WARN_DEPRECATED_OBJC_IMPLEMENTATIONS = YES;
				CLANG_WARN_DIRECT_OBJC_ISA_USAGE = YES_ERROR;
				CLANG_WARN_DOCUMENTATION_COMMENTS = YES;
				CLANG_WARN_EMPTY_BODY = YES;
				CLANG_WARN_ENUM_CONVERSION = YES;
				CLANG_WARN_INFINITE_RECURSION = YES;
				CLANG_WARN_INT_CONVERSION = YES;
				CLANG_WARN_NON_LITERAL_NULL_CONVERSION = YES;
				CLANG_WARN_OBJC_IMPLICIT_RETAIN_SELF = YES;
				CLANG_WARN_OBJC_LITERAL_CONVERSION = YES;
				CLANG_WARN_OBJC_ROOT_CLASS = YES_ERROR;
				CLANG_WARN_QUOTED_INCLUDE_IN_FRAMEWORK_HEADER = YES;
				CLANG_WARN_RANGE_LOOP_ANALYSIS = YES;
				CLANG_WARN_STRICT_PROTOTYPES = YES;
				CLANG_WARN_SUSPICIOUS_MOVE = YES;
				CLANG_WARN_UNGUARDED_AVAILABILITY = YES_AGGRESSIVE;
				CLANG_WARN_UNREACHABLE_CODE = YES;
				CLANG_WARN__DUPLICATE_METHOD_MATCH = YES;
				COPY_PHASE_STRIP = NO;
				DEBUG_INFORMATION_FORMAT = dwarf;
				ENABLE_STRICT_OBJC_MSGSEND = YES;
				ENABLE_TESTABILITY = YES;
				GCC_C_LANGUAGE_STANDARD = gnu11;
				GCC_DYNAMIC_NO_PIC = NO;
				GCC_NO_COMMON_BLOCKS = YES;
				GCC_OPTIMIZATION_LEVEL = 0;
				GCC_PREPROCESSOR_DEFINITIONS = (
					"DEBUG=1",
					"$(inherited)",
				);
				GCC_WARN_64_TO_32_BIT_CONVERSION = YES;
				GCC_WARN_ABOUT_RETURN_TYPE = YES_ERROR;
				GCC_WARN_UNDECLARED_SELECTOR = YES;
				GCC_WARN_UNINITIALIZED_AUTOS = YES_AGGRESSIVE;
				GCC_WARN_UNUSED_FUNCTION = YES;
				GCC_WARN_UNUSED_VARIABLE = YES;
				IPHONEOS_DEPLOYMENT_TARGET = 16.4;
				MTL_ENABLE_DEBUG_INFO = INCLUDE_SOURCE;
				MTL_FAST_MATH = YES;
				ONLY_ACTIVE_ARCH = YES;
				SDKROOT = iphoneos;
				SWIFT_ACTIVE_COMPILATION_CONDITIONS = DEBUG;
				SWIFT_OPTIMIZATION_LEVEL = "-Onone";
			};
			name = Debug;
		};
		E19132A829FD89100023C57C /* Release */ = {
			isa = XCBuildConfiguration;
			buildSettings = {
				ALWAYS_SEARCH_USER_PATHS = NO;
				CLANG_ANALYZER_NONNULL = YES;
				CLANG_ANALYZER_NUMBER_OBJECT_CONVERSION = YES_AGGRESSIVE;
				CLANG_CXX_LANGUAGE_STANDARD = "gnu++20";
				CLANG_ENABLE_MODULES = YES;
				CLANG_ENABLE_OBJC_ARC = YES;
				CLANG_ENABLE_OBJC_WEAK = YES;
				CLANG_WARN_BLOCK_CAPTURE_AUTORELEASING = YES;
				CLANG_WARN_BOOL_CONVERSION = YES;
				CLANG_WARN_COMMA = YES;
				CLANG_WARN_CONSTANT_CONVERSION = YES;
				CLANG_WARN_DEPRECATED_OBJC_IMPLEMENTATIONS = YES;
				CLANG_WARN_DIRECT_OBJC_ISA_USAGE = YES_ERROR;
				CLANG_WARN_DOCUMENTATION_COMMENTS = YES;
				CLANG_WARN_EMPTY_BODY = YES;
				CLANG_WARN_ENUM_CONVERSION = YES;
				CLANG_WARN_INFINITE_RECURSION = YES;
				CLANG_WARN_INT_CONVERSION = YES;
				CLANG_WARN_NON_LITERAL_NULL_CONVERSION = YES;
				CLANG_WARN_OBJC_IMPLICIT_RETAIN_SELF = YES;
				CLANG_WARN_OBJC_LITERAL_CONVERSION = YES;
				CLANG_WARN_OBJC_ROOT_CLASS = YES_ERROR;
				CLANG_WARN_QUOTED_INCLUDE_IN_FRAMEWORK_HEADER = YES;
				CLANG_WARN_RANGE_LOOP_ANALYSIS = YES;
				CLANG_WARN_STRICT_PROTOTYPES = YES;
				CLANG_WARN_SUSPICIOUS_MOVE = YES;
				CLANG_WARN_UNGUARDED_AVAILABILITY = YES_AGGRESSIVE;
				CLANG_WARN_UNREACHABLE_CODE = YES;
				CLANG_WARN__DUPLICATE_METHOD_MATCH = YES;
				COPY_PHASE_STRIP = NO;
				DEBUG_INFORMATION_FORMAT = "dwarf-with-dsym";
				ENABLE_NS_ASSERTIONS = NO;
				ENABLE_STRICT_OBJC_MSGSEND = YES;
				GCC_C_LANGUAGE_STANDARD = gnu11;
				GCC_NO_COMMON_BLOCKS = YES;
				GCC_WARN_64_TO_32_BIT_CONVERSION = YES;
				GCC_WARN_ABOUT_RETURN_TYPE = YES_ERROR;
				GCC_WARN_UNDECLARED_SELECTOR = YES;
				GCC_WARN_UNINITIALIZED_AUTOS = YES_AGGRESSIVE;
				GCC_WARN_UNUSED_FUNCTION = YES;
				GCC_WARN_UNUSED_VARIABLE = YES;
				IPHONEOS_DEPLOYMENT_TARGET = 16.4;
				MTL_ENABLE_DEBUG_INFO = NO;
				MTL_FAST_MATH = YES;
				SDKROOT = iphoneos;
				SWIFT_COMPILATION_MODE = wholemodule;
				SWIFT_OPTIMIZATION_LEVEL = "-O";
				VALIDATE_PRODUCT = YES;
			};
			name = Release;
		};
		E19132AA29FD89100023C57C /* Debug */ = {
			isa = XCBuildConfiguration;
			buildSettings = {
				ASSETCATALOG_COMPILER_APPICON_NAME = AppIcon;
				ASSETCATALOG_COMPILER_GLOBAL_ACCENT_COLOR_NAME = AccentColor;
				CODE_SIGN_STYLE = Automatic;
				CURRENT_PROJECT_VERSION = 1;
				DEVELOPMENT_ASSET_PATHS = "\"OinkApp/Preview Content\"";
				DEVELOPMENT_TEAM = 56A53222BW;
				ENABLE_PREVIEWS = YES;
				GENERATE_INFOPLIST_FILE = YES;
				INFOPLIST_KEY_UIApplicationSceneManifest_Generation = YES;
				INFOPLIST_KEY_UIApplicationSupportsIndirectInputEvents = YES;
				INFOPLIST_KEY_UILaunchScreen_Generation = YES;
				INFOPLIST_KEY_UISupportedInterfaceOrientations = UIInterfaceOrientationPortrait;
				LD_RUNPATH_SEARCH_PATHS = (
					"$(inherited)",
					"@executable_path/Frameworks",
				);
				MARKETING_VERSION = 1.0;
				PRODUCT_BUNDLE_IDENTIFIER = com.oink.OinkApp;
				PRODUCT_NAME = "$(TARGET_NAME)";
				SWIFT_EMIT_LOC_STRINGS = YES;
				SWIFT_VERSION = 5.0;
				TARGETED_DEVICE_FAMILY = "1,2";
			};
			name = Debug;
		};
		E19132AB29FD89100023C57C /* Release */ = {
			isa = XCBuildConfiguration;
			buildSettings = {
				ASSETCATALOG_COMPILER_APPICON_NAME = AppIcon;
				ASSETCATALOG_COMPILER_GLOBAL_ACCENT_COLOR_NAME = AccentColor;
				CODE_SIGN_STYLE = Automatic;
				CURRENT_PROJECT_VERSION = 1;
				DEVELOPMENT_ASSET_PATHS = "\"OinkApp/Preview Content\"";
				DEVELOPMENT_TEAM = 56A53222BW;
				ENABLE_PREVIEWS = YES;
				GENERATE_INFOPLIST_FILE = YES;
				INFOPLIST_KEY_UIApplicationSceneManifest_Generation = YES;
				INFOPLIST_KEY_UIApplicationSupportsIndirectInputEvents = YES;
				INFOPLIST_KEY_UILaunchScreen_Generation = YES;
				INFOPLIST_KEY_UISupportedInterfaceOrientations = UIInterfaceOrientationPortrait;
				LD_RUNPATH_SEARCH_PATHS = (
					"$(inherited)",
					"@executable_path/Frameworks",
				);
				MARKETING_VERSION = 1.0;
				PRODUCT_BUNDLE_IDENTIFIER = com.oink.OinkApp;
				PRODUCT_NAME = "$(TARGET_NAME)";
				SWIFT_EMIT_LOC_STRINGS = YES;
				SWIFT_VERSION = 5.0;
				TARGETED_DEVICE_FAMILY = "1,2";
			};
			name = Release;
		};
		E19132AD29FD89100023C57C /* Debug */ = {
			isa = XCBuildConfiguration;
			buildSettings = {
				ALWAYS_EMBED_SWIFT_STANDARD_LIBRARIES = YES;
				BUNDLE_LOADER = "$(TEST_HOST)";
				CODE_SIGN_STYLE = Automatic;
				CURRENT_PROJECT_VERSION = 1;
				DEVELOPMENT_TEAM = 56A53222BW;
				GENERATE_INFOPLIST_FILE = YES;
				IPHONEOS_DEPLOYMENT_TARGET = 16.4;
				MARKETING_VERSION = 1.0;
				PRODUCT_BUNDLE_IDENTIFIER = com.oink.OinkChatTests;
				PRODUCT_NAME = "$(TARGET_NAME)";
				SWIFT_EMIT_LOC_STRINGS = NO;
				SWIFT_VERSION = 5.0;
				TARGETED_DEVICE_FAMILY = "1,2";
				TEST_HOST = "$(BUILT_PRODUCTS_DIR)/OinkApp.app/$(BUNDLE_EXECUTABLE_FOLDER_PATH)/OinkApp";
			};
			name = Debug;
		};
		E19132AE29FD89100023C57C /* Release */ = {
			isa = XCBuildConfiguration;
			buildSettings = {
				ALWAYS_EMBED_SWIFT_STANDARD_LIBRARIES = YES;
				BUNDLE_LOADER = "$(TEST_HOST)";
				CODE_SIGN_STYLE = Automatic;
				CURRENT_PROJECT_VERSION = 1;
				DEVELOPMENT_TEAM = 56A53222BW;
				GENERATE_INFOPLIST_FILE = YES;
				IPHONEOS_DEPLOYMENT_TARGET = 16.4;
				MARKETING_VERSION = 1.0;
				PRODUCT_BUNDLE_IDENTIFIER = com.oink.OinkChatTests;
				PRODUCT_NAME = "$(TARGET_NAME)";
				SWIFT_EMIT_LOC_STRINGS = NO;
				SWIFT_VERSION = 5.0;
				TARGETED_DEVICE_FAMILY = "1,2";
				TEST_HOST = "$(BUILT_PRODUCTS_DIR)/OinkApp.app/$(BUNDLE_EXECUTABLE_FOLDER_PATH)/OinkApp";
			};
			name = Release;
		};
		E19132B029FD89100023C57C /* Debug */ = {
			isa = XCBuildConfiguration;
			buildSettings = {
				ALWAYS_EMBED_SWIFT_STANDARD_LIBRARIES = YES;
				CODE_SIGN_STYLE = Automatic;
				CURRENT_PROJECT_VERSION = 1;
				DEVELOPMENT_TEAM = 56A53222BW;
				GENERATE_INFOPLIST_FILE = YES;
				MARKETING_VERSION = 1.0;
				PRODUCT_BUNDLE_IDENTIFIER = com.oink.OinkChatUITests;
				PRODUCT_NAME = "$(TARGET_NAME)";
				SWIFT_EMIT_LOC_STRINGS = NO;
				SWIFT_VERSION = 5.0;
				TARGETED_DEVICE_FAMILY = "1,2";
				TEST_TARGET_NAME = OinkChat;
			};
			name = Debug;
		};
		E19132B129FD89100023C57C /* Release */ = {
			isa = XCBuildConfiguration;
			buildSettings = {
				ALWAYS_EMBED_SWIFT_STANDARD_LIBRARIES = YES;
				CODE_SIGN_STYLE = Automatic;
				CURRENT_PROJECT_VERSION = 1;
				DEVELOPMENT_TEAM = 56A53222BW;
				GENERATE_INFOPLIST_FILE = YES;
				MARKETING_VERSION = 1.0;
				PRODUCT_BUNDLE_IDENTIFIER = com.oink.OinkChatUITests;
				PRODUCT_NAME = "$(TARGET_NAME)";
				SWIFT_EMIT_LOC_STRINGS = NO;
				SWIFT_VERSION = 5.0;
				TARGETED_DEVICE_FAMILY = "1,2";
				TEST_TARGET_NAME = OinkChat;
			};
			name = Release;
		};
/* End XCBuildConfiguration section */

/* Begin XCConfigurationList section */
		E191328029FD890F0023C57C /* Build configuration list for PBXProject "OinkApp" */ = {
			isa = XCConfigurationList;
			buildConfigurations = (
				E19132A729FD89100023C57C /* Debug */,
				E19132A829FD89100023C57C /* Release */,
			);
			defaultConfigurationIsVisible = 0;
			defaultConfigurationName = Release;
		};
		E19132A929FD89100023C57C /* Build configuration list for PBXNativeTarget "OinkApp" */ = {
			isa = XCConfigurationList;
			buildConfigurations = (
				E19132AA29FD89100023C57C /* Debug */,
				E19132AB29FD89100023C57C /* Release */,
			);
			defaultConfigurationIsVisible = 0;
			defaultConfigurationName = Release;
		};
		E19132AC29FD89100023C57C /* Build configuration list for PBXNativeTarget "OinkAppTests" */ = {
			isa = XCConfigurationList;
			buildConfigurations = (
				E19132AD29FD89100023C57C /* Debug */,
				E19132AE29FD89100023C57C /* Release */,
			);
			defaultConfigurationIsVisible = 0;
			defaultConfigurationName = Release;
		};
		E19132AF29FD89100023C57C /* Build configuration list for PBXNativeTarget "OinkAppUITests" */ = {
			isa = XCConfigurationList;
			buildConfigurations = (
				E19132B029FD89100023C57C /* Debug */,
				E19132B129FD89100023C57C /* Release */,
			);
			defaultConfigurationIsVisible = 0;
			defaultConfigurationName = Release;
		};
/* End XCConfigurationList section */
	};
	rootObject = E191327D29FD890F0023C57C /* Project object */;
}
